
Microsoft Visual Studio Solution File, Format Version 12.00
# Visual Studio Version 17
VisualStudioVersion = 17.4.33205.214
MinimumVisualStudioVersion = 10.0.40219.1
Project("{FAE04EC0-301F-11D3-BF4B-00C04F79EFBC}") = "Lab06", "Lab06\Lab06.csproj", "{D00F69EE-D967-4370-AE70-C1D5DE25F2AA}"
EndProject
Global
	GlobalSection(SolutionConfigurationPlatforms) = preSolution
		Debug|Any CPU = Debug|Any CPU
		Release|Any CPU = Release|Any CPU
	EndGlobalSection
	GlobalSection(ProjectConfigurationPlatforms) = postSolution
		{D00F69EE-D967-4370-AE70-C1D5DE25F2AA}.Debug|Any CPU.ActiveCfg = Debug|Any CPU
		{D00F69EE-D967-4370-AE70-C1D5DE25F2AA}.Debug|Any CPU.Build.0 = Debug|Any CPU
		{D00F69EE-D967-4370-AE70-C1D5DE25F2AA}.Release|Any CPU.ActiveCfg = Release|Any CPU
		{D00F69EE-D967-4370-AE70-C1D5DE25F2AA}.Release|Any CPU.Build.0 = Release|Any CPU
	EndGlobalSection
	GlobalSection(SolutionProperties) = preSolution
		HideSolutionNode = FALSE
	EndGlobalSection
	GlobalSection(ExtensibilityGlobals) = postSolution
		SolutionGuid = {5BBFCA32-353E-4B67-94E8-6BFAD87B729B}
	EndGlobalSection
EndGlobal
