
Microsoft Visual Studio Solution File, Format Version 12.00
# Visual Studio Version 17
VisualStudioVersion = 17.4.33205.214
MinimumVisualStudioVersion = 10.0.40219.1
Project("{FAE04EC0-301F-11D3-BF4B-00C04F79EFBC}") = "ThucHanh1", "ThucHanh1\ThucHanh1.csproj", "{B7809EBD-2F39-435B-AF05-7A72A7B53172}"
EndProject
Project("{FAE04EC0-301F-11D3-BF4B-00C04F79EFBC}") = "ApDung2", "ApDung2\ApDung2.csproj", "{C6C36453-113A-4957-B471-4D2C9581DF86}"
EndProject
Global
	GlobalSection(SolutionConfigurationPlatforms) = preSolution
		Debug|Any CPU = Debug|Any CPU
		Release|Any CPU = Release|Any CPU
	EndGlobalSection
	GlobalSection(ProjectConfigurationPlatforms) = postSolution
		{B7809EBD-2F39-435B-AF05-7A72A7B53172}.Debug|Any CPU.ActiveCfg = Debug|Any CPU
		{B7809EBD-2F39-435B-AF05-7A72A7B53172}.Debug|Any CPU.Build.0 = Debug|Any CPU
		{B7809EBD-2F39-435B-AF05-7A72A7B53172}.Release|Any CPU.ActiveCfg = Release|Any CPU
		{B7809EBD-2F39-435B-AF05-7A72A7B53172}.Release|Any CPU.Build.0 = Release|Any CPU
		{C6C36453-113A-4957-B471-4D2C9581DF86}.Debug|Any CPU.ActiveCfg = Debug|Any CPU
		{C6C36453-113A-4957-B471-4D2C9581DF86}.Debug|Any CPU.Build.0 = Debug|Any CPU
		{C6C36453-113A-4957-B471-4D2C9581DF86}.Release|Any CPU.ActiveCfg = Release|Any CPU
		{C6C36453-113A-4957-B471-4D2C9581DF86}.Release|Any CPU.Build.0 = Release|Any CPU
	EndGlobalSection
	GlobalSection(SolutionProperties) = preSolution
		HideSolutionNode = FALSE
	EndGlobalSection
	GlobalSection(ExtensibilityGlobals) = postSolution
		SolutionGuid = {FF5A0464-BA84-41A1-B11F-393C8F55A175}
	EndGlobalSection
EndGlobal
